Microsoft Visual Studio Solution File, Format Version 12.00
# Visual Studio Version 17
VisualStudioVersion = 17.5.2.0
MinimumVisualStudioVersion = 10.0.40219.1
Project("{FAE04EC0-301F-11D3-BF4B-00C04F79EFBC}") = "timeout", "timeout.csproj", "{C3D44A6F-146F-F858-D2BB-E4A6D3A4836D}"
EndProject
Global
	GlobalSection(SolutionConfigurationPlatforms) = preSolution
		Debug|Any CPU = Debug|Any CPU
		Release|Any CPU = Release|Any CPU
	EndGlobalSection
	GlobalSection(ProjectConfigurationPlatforms) = postSolution
		{C3D44A6F-146F-F858-D2BB-E4A6D3A4836D}.Debug|Any CPU.ActiveCfg = Debug|Any CPU
		{C3D44A6F-146F-F858-D2BB-E4A6D3A4836D}.Debug|Any CPU.Build.0 = Debug|Any CPU
		{C3D44A6F-146F-F858-D2BB-E4A6D3A4836D}.Release|Any CPU.ActiveCfg = Release|Any CPU
		{C3D44A6F-146F-F858-D2BB-E4A6D3A4836D}.Release|Any CPU.Build.0 = Release|Any CPU
	EndGlobalSection
	GlobalSection(SolutionProperties) = preSolution
		HideSolutionNode = FALSE
	EndGlobalSection
	GlobalSection(ExtensibilityGlobals) = postSolution
		SolutionGuid = {BF96E6BB-FE91-46A7-8213-28605B177090}
	EndGlobalSection
EndGlobal
